
Microsoft Visual Studio Solution File, Format Version 12.00
# Visual Studio Version 17
VisualStudioVersion = 17.10.35013.160
MinimumVisualStudioVersion = 10.0.40219.1
Project("{FAE04EC0-301F-11D3-BF4B-00C04F79EFBC}") = "WoodstocksIMS", "WoodStocksIMS\WoodstocksIMS.csproj", "{2ED3EFA6-F9AA-4C78-BA1C-4631AD8FCE8B}"
EndProject
Project("{FAE04EC0-301F-11D3-BF4B-00C04F79EFBC}") = "WoodstocksIMS.Library", "WoodStocksIMS Library\WoodstocksIMS.Library.csproj", "{9340AAB9-B406-4C00-ADF8-764E89C75A5A}"
EndProject
Project("{FAE04EC0-301F-11D3-BF4B-00C04F79EFBC}") = "WoodStocksIMS.UnitTests", "WoodStocksIMS.UnitTests\WoodStocksIMS.UnitTests.csproj", "{B271B9E7-CB06-40A7-93EF-33863A4817AE}"
EndProject
Project("{FAE04EC0-301F-11D3-BF4B-00C04F79EFBC}") = "WoodstocksIMSTest", "WoodstocksIMSTest\WoodstocksIMSTest.csproj", "{9E02C3A6-A2E8-4915-8A32-F72FB4164718}"
EndProject
Global
	GlobalSection(SolutionConfigurationPlatforms) = preSolution
		Debug|Any CPU = Debug|Any CPU
		Release|Any CPU = Release|Any CPU
	EndGlobalSection
	GlobalSection(ProjectConfigurationPlatforms) = postSolution
		{2ED3EFA6-F9AA-4C78-BA1C-4631AD8FCE8B}.Debug|Any CPU.ActiveCfg = Debug|Any CPU
		{2ED3EFA6-F9AA-4C78-BA1C-4631AD8FCE8B}.Debug|Any CPU.Build.0 = Debug|Any CPU
		{2ED3EFA6-F9AA-4C78-BA1C-4631AD8FCE8B}.Release|Any CPU.ActiveCfg = Release|Any CPU
		{2ED3EFA6-F9AA-4C78-BA1C-4631AD8FCE8B}.Release|Any CPU.Build.0 = Release|Any CPU
		{9340AAB9-B406-4C00-ADF8-764E89C75A5A}.Debug|Any CPU.ActiveCfg = Debug|Any CPU
		{9340AAB9-B406-4C00-ADF8-764E89C75A5A}.Debug|Any CPU.Build.0 = Debug|Any CPU
		{9340AAB9-B406-4C00-ADF8-764E89C75A5A}.Release|Any CPU.ActiveCfg = Release|Any CPU
		{9340AAB9-B406-4C00-ADF8-764E89C75A5A}.Release|Any CPU.Build.0 = Release|Any CPU
		{B271B9E7-CB06-40A7-93EF-33863A4817AE}.Debug|Any CPU.ActiveCfg = Debug|Any CPU
		{B271B9E7-CB06-40A7-93EF-33863A4817AE}.Debug|Any CPU.Build.0 = Debug|Any CPU
		{B271B9E7-CB06-40A7-93EF-33863A4817AE}.Release|Any CPU.ActiveCfg = Debug|Any CPU
		{B271B9E7-CB06-40A7-93EF-33863A4817AE}.Release|Any CPU.Build.0 = Debug|Any CPU
		{9E02C3A6-A2E8-4915-8A32-F72FB4164718}.Debug|Any CPU.ActiveCfg = Debug|Any CPU
		{9E02C3A6-A2E8-4915-8A32-F72FB4164718}.Debug|Any CPU.Build.0 = Debug|Any CPU
		{9E02C3A6-A2E8-4915-8A32-F72FB4164718}.Release|Any CPU.ActiveCfg = Debug|Any CPU
		{9E02C3A6-A2E8-4915-8A32-F72FB4164718}.Release|Any CPU.Build.0 = Debug|Any CPU
	EndGlobalSection
	GlobalSection(SolutionProperties) = preSolution
		HideSolutionNode = FALSE
	EndGlobalSection
	GlobalSection(ExtensibilityGlobals) = postSolution
		SolutionGuid = {AE2523C0-942D-47A2-8E98-A96F72D5AA71}
	EndGlobalSection
EndGlobal
